<Solution>
  <Folder Name="/docs/">
    <File Path="docs/COMMANDS.md" />
    <File Path="docs/QUICKSTART.md" />
    <File Path="docs/WEBHOOK-SETUP.md" />
  </Folder>
  <Folder Name="/SolutionItems/">
    <File Path=".dockerignore" />
    <File Path=".gitignore" />
    <File Path="docker-compose.yml" />
    <File Path="README.md" />
  </Folder>
  <Project Path="ConstantLearning.Tests/ConstantLearning.Tests.csproj" />
  <Project Path="ConstantLearning/ConstantLearning.csproj" />
</Solution>
